lockfileVersion: '6.0'

settings:
  autoInstallPeers: true
  excludeLinksFromLockfile: false

dependencies:
  '@tweenjs/tween.js':
    specifier: ^21.0.0
    version: 21.0.0
  chroma-js:
    specifier: ^2.4.2
    version: 2.4.2
  sass:
    specifier: ^1.64.1
    version: 1.64.1
  three:
    specifier: ^0.154.0
    version: 0.154.0

devDependencies:
  '@types/chroma-js':
    specifier: ^2.4.0
    version: 2.4.0
  '@types/three':
    specifier: ^0.154.0
    version: 0.154.0
  typescript:
    specifier: ^5.0.2
    version: 5.0.2
  vite:
    specifier: ^4.4.5
    version: 4.4.5(sass@1.64.1)

packages:

  /@esbuild/android-arm64@0.18.16:
    resolution: {integrity: sha512-wsCqSPqLz+6Ov+OM4EthU43DyYVVyfn15S4j1bJzylDpc1r1jZFFfJQNfDuT8SlgwuqpmpJXK4uPlHGw6ve7eA==}
    engines: {node: '>=12'}
    cpu: [arm64]
    os: [android]
    requiresBuild: true
    dev: true
    optional: true

  /@esbuild/android-arm@0.18.16:
    resolution: {integrity: sha512-gCHjjQmA8L0soklKbLKA6pgsLk1byULuHe94lkZDzcO3/Ta+bbeewJioEn1Fr7kgy9NWNFy/C+MrBwC6I/WCug==}
    engines: {node: '>=12'}
    cpu: [arm]
    os: [android]
    requiresBuild: true
    dev: true
    optional: true

  /@esbuild/android-x64@0.18.16:
    resolution: {integrity: sha512-ldsTXolyA3eTQ1//4DS+E15xl0H/3DTRJaRL0/0PgkqDsI0fV/FlOtD+h0u/AUJr+eOTlZv4aC9gvfppo3C4sw==}
    engines: {node: '>=12'}
    cpu: [x64]
    os: [android]
    requiresBuild: true
    dev: true
    optional: true

  /@esbuild/darwin-arm64@0.18.16:
    resolution: {integrity: sha512-aBxruWCII+OtluORR/KvisEw0ALuw/qDQWvkoosA+c/ngC/Kwk0lLaZ+B++LLS481/VdydB2u6tYpWxUfnLAIw==}
    engines: {node: '>=12'}
    cpu: [arm64]
    os: [darwin]
    requiresBuild: true
    dev: true
    optional: true

  /@esbuild/darwin-x64@0.18.16:
    resolution: {integrity: sha512-6w4Dbue280+rp3LnkgmriS1icOUZDyPuZo/9VsuMUTns7SYEiOaJ7Ca1cbhu9KVObAWfmdjUl4gwy9TIgiO5eA==}
    engines: {node: '>=12'}
    cpu: [x64]
    os: [darwin]
    requiresBuild: true
    dev: true
    optional: true

  /@esbuild/freebsd-arm64@0.18.16:
    resolution: {integrity: sha512-x35fCebhe9s979DGKbVAwXUOcTmCIE32AIqB9CB1GralMIvxdnMLAw5CnID17ipEw9/3MvDsusj/cspYt2ZLNQ==}
    engines: {node: '>=12'}
    cpu: [arm64]
    os: [freebsd]
    requiresBuild: true
    dev: true
    optional: true

  /@esbuild/freebsd-x64@0.18.16:
    resolution: {integrity: sha512-YM98f+PeNXF3GbxIJlUsj+McUWG1irguBHkszCIwfr3BXtXZsXo0vqybjUDFfu9a8Wr7uUD/YSmHib+EeGAFlg==}
    engines: {node: '>=12'}
    cpu: [x64]
    os: [freebsd]
    requiresBuild: true
    dev: true
    optional: true

  /@esbuild/linux-arm64@0.18.16:
    resolution: {integrity: sha512-XIqhNUxJiuy+zsR77+H5Z2f7s4YRlriSJKtvx99nJuG5ATuJPjmZ9n0ANgnGlPCpXGSReFpgcJ7O3SMtzIFeiQ==}
    engines: {node: '>=12'}
    cpu: [arm64]
    os: [linux]
    requiresBuild: true
    dev: true
    optional: true

  /@esbuild/linux-arm@0.18.16:
    resolution: {integrity: sha512-b5ABb+5Ha2C9JkeZXV+b+OruR1tJ33ePmv9ZwMeETSEKlmu/WJ45XTTG+l6a2KDsQtJJ66qo/hbSGBtk0XVLHw==}
    engines: {node: '>=12'}
    cpu: [arm]
    os: [linux]
    requiresBuild: true
    dev: true
    optional: true

  /@esbuild/linux-ia32@0.18.16:
    resolution: {integrity: sha512-no+pfEpwnRvIyH+txbBAWtjxPU9grslmTBfsmDndj7bnBmr55rOo/PfQmRfz7Qg9isswt1FP5hBbWb23fRWnow==}
    engines: {node: '>=12'}
    cpu: [ia32]
    os: [linux]
    requiresBuild: true
    dev: true
    optional: true

  /@esbuild/linux-loong64@0.18.16:
    resolution: {integrity: sha512-Zbnczs9ZXjmo0oZSS0zbNlJbcwKXa/fcNhYQjahDs4Xg18UumpXG/lwM2lcSvHS3mTrRyCYZvJbmzYc4laRI1g==}
    engines: {node: '>=12'}
    cpu: [loong64]
    os: [linux]
    requiresBuild: true
    dev: true
    optional: true

  /@esbuild/linux-mips64el@0.18.16:
    resolution: {integrity: sha512-YMF7hih1HVR/hQVa/ot4UVffc5ZlrzEb3k2ip0nZr1w6fnYypll9td2qcoMLvd3o8j3y6EbJM3MyIcXIVzXvQQ==}
    engines: {node: '>=12'}
    cpu: [mips64el]
    os: [linux]
    requiresBuild: true
    dev: true
    optional: true

  /@esbuild/linux-ppc64@0.18.16:
    resolution: {integrity: sha512-Wkz++LZ29lDwUyTSEnzDaaP5OveOgTU69q9IyIw9WqLRxM4BjTBjz9un4G6TOvehWpf/J3gYVFN96TjGHrbcNQ==}
    engines: {node: '>=12'}
    cpu: [ppc64]
    os: [linux]
    requiresBuild: true
    dev: true
    optional: true

  /@esbuild/linux-riscv64@0.18.16:
    resolution: {integrity: sha512-LFMKZ30tk78/mUv1ygvIP+568bwf4oN6reG/uczXnz6SvFn4e2QUFpUpZY9iSJT6Qpgstrhef/nMykIXZtZWGQ==}
    engines: {node: '>=12'}
    cpu: [riscv64]
    os: [linux]
    requiresBuild: true
    dev: true
    optional: true

  /@esbuild/linux-s390x@0.18.16:
    resolution: {integrity: sha512-3ZC0BgyYHYKfZo3AV2/66TD/I9tlSBaW7eWTEIkrQQKfJIifKMMttXl9FrAg+UT0SGYsCRLI35Gwdmm96vlOjg==}
    engines: {node: '>=12'}
    cpu: [s390x]
    os: [linux]
    requiresBuild: true
    dev: true
    optional: true

  /@esbuild/linux-x64@0.18.16:
    resolution: {integrity: sha512-xu86B3647DihHJHv/wx3NCz2Dg1gjQ8bbf9cVYZzWKY+gsvxYmn/lnVlqDRazObc3UMwoHpUhNYaZset4X8IPA==}
    engines: {node: '>=12'}
    cpu: [x64]
    os: [linux]
    requiresBuild: true
    dev: true
    optional: true

  /@esbuild/netbsd-x64@0.18.16:
    resolution: {integrity: sha512-uVAgpimx9Ffw3xowtg/7qQPwHFx94yCje+DoBx+LNm2ePDpQXHrzE+Sb0Si2VBObYz+LcRps15cq+95YM7gkUw==}
    engines: {node: '>=12'}
    cpu: [x64]
    os: [netbsd]
    requiresBuild: true
    dev: true
    optional: true

  /@esbuild/openbsd-x64@0.18.16:
    resolution: {integrity: sha512-6OjCQM9wf7z8/MBi6BOWaTL2AS/SZudsZtBziXMtNI8r/U41AxS9x7jn0ATOwVy08OotwkPqGRMkpPR2wcTJXA==}
    engines: {node: '>=12'}
    cpu: [x64]
    os: [openbsd]
    requiresBuild: true
    dev: true
    optional: true

  /@esbuild/sunos-x64@0.18.16:
    resolution: {integrity: sha512-ZoNkruFYJp9d1LbUYCh8awgQDvB9uOMZqlQ+gGEZR7v6C+N6u7vPr86c+Chih8niBR81Q/bHOSKGBK3brJyvkQ==}
    engines: {node: '>=12'}
    cpu: [x64]
    os: [sunos]
    requiresBuild: true
    dev: true
    optional: true

  /@esbuild/win32-arm64@0.18.16:
    resolution: {integrity: sha512-+j4anzQ9hrs+iqO+/wa8UE6TVkKua1pXUb0XWFOx0FiAj6R9INJ+WE//1/Xo6FG1vB5EpH3ko+XcgwiDXTxcdw==}
    engines: {node: '>=12'}
    cpu: [arm64]
    os: [win32]
    requiresBuild: true
    dev: true
    optional: true

  /@esbuild/win32-ia32@0.18.16:
    resolution: {integrity: sha512-5PFPmq3sSKTp9cT9dzvI67WNfRZGvEVctcZa1KGjDDu4n3H8k59Inbk0du1fz0KrAbKKNpJbdFXQMDUz7BG4rQ==}
    engines: {node: '>=12'}
    cpu: [ia32]
    os: [win32]
    requiresBuild: true
    dev: true
    optional: true

  /@esbuild/win32-x64@0.18.16:
    resolution: {integrity: sha512-sCIVrrtcWN5Ua7jYXNG1xD199IalrbfV2+0k/2Zf2OyV2FtnQnMgdzgpRAbi4AWlKJj1jkX+M+fEGPQj6BQB4w==}
    engines: {node: '>=12'}
    cpu: [x64]
    os: [win32]
    requiresBuild: true
    dev: true
    optional: true

  /@tweenjs/tween.js@18.6.4:
    resolution: {integrity: sha512-lB9lMjuqjtuJrx7/kOkqQBtllspPIN+96OvTCeJ2j5FEzinoAXTdAMFnDAQT1KVPRlnYfBrqxtqP66vDM40xxQ==}
    dev: true

  /@tweenjs/tween.js@21.0.0:
    resolution: {integrity: sha512-qVfOiFh0U8ZSkLgA6tf7kj2MciqRbSCWaJZRwftVO7UbtVDNsZAXpWXqvCDtIefvjC83UJB+vHTDOGm5ibXjEA==}
    dev: false

  /@types/chroma-js@2.4.0:
    resolution: {integrity: sha512-JklMxityrwjBTjGY2anH8JaTx3yjRU3/sEHSblLH1ba5lqcSh1LnImXJZO5peJfXyqKYWjHTGy4s5Wz++hARrw==}
    dev: true

  /@types/stats.js@0.17.0:
    resolution: {integrity: sha512-9w+a7bR8PeB0dCT/HBULU2fMqf6BAzvKbxFboYhmDtDkKPiyXYbjoe2auwsXlEFI7CFNMF1dCv3dFH5Poy9R1w==}
    dev: true

  /@types/three@0.154.0:
    resolution: {integrity: sha512-IioqpGhch6FdLDh4zazRn3rXHj6Vn2nVOziJdXVbJFi9CaI65LtP9qqUtpzbsHK2Ezlox8NtsLNHSw3AQzucjA==}
    dependencies:
      '@tweenjs/tween.js': 18.6.4
      '@types/stats.js': 0.17.0
      '@types/webxr': 0.5.2
      fflate: 0.6.10
      lil-gui: 0.17.0
      meshoptimizer: 0.18.1
    dev: true

  /@types/webxr@0.5.2:
    resolution: {integrity: sha512-szL74BnIcok9m7QwYtVmQ+EdIKwbjPANudfuvDrAF8Cljg9MKUlIoc1w5tjj9PMpeSH3U1Xnx//czQybJ0EfSw==}
    dev: true

  /anymatch@3.1.3:
    resolution: {integrity: sha512-KMReFUr0B4t+D+OBkjR3KYqvocp2XaSzO55UcB6mgQMd3KbcE+mWTyvVV7D/zsdEbNnV6acZUutkiHQXvTr1Rw==}
    engines: {node: '>= 8'}
    dependencies:
      normalize-path: 3.0.0
      picomatch: 2.3.1

  /binary-extensions@2.2.0:
    resolution: {integrity: sha512-jDctJ/IVQbZoJykoeHbhXpOlNBqGNcwXJKJog42E5HDPUwQTSdjCHdihjj0DlnheQ7blbT6dHOafNAiS8ooQKA==}
    engines: {node: '>=8'}

  /braces@3.0.2:
    resolution: {integrity: sha512-b8um+L1RzM3WDSzvhm6gIz1yfTbBt6YTlcEKAvsmqCZZFw46z626lVj9j1yEPW33H5H+lBQpZMP1k8l+78Ha0A==}
    engines: {node: '>=8'}
    dependencies:
      fill-range: 7.0.1

  /chokidar@3.5.3:
    resolution: {integrity: sha512-Dr3sfKRP6oTcjf2JmUmFJfeVMvXBdegxB0iVQ5eb2V10uFJUCAS8OByZdVAyVb8xXNz3GjjTgj9kLWsZTqE6kw==}
    engines: {node: '>= 8.10.0'}
    dependencies:
      anymatch: 3.1.3
      braces: 3.0.2
      glob-parent: 5.1.2
      is-binary-path: 2.1.0
      is-glob: 4.0.3
      normalize-path: 3.0.0
      readdirp: 3.6.0
    optionalDependencies:
      fsevents: 2.3.2

  /chroma-js@2.4.2:
    resolution: {integrity: sha512-U9eDw6+wt7V8z5NncY2jJfZa+hUH8XEj8FQHgFJTrUFnJfXYf4Ml4adI2vXZOjqRDpFWtYVWypDfZwnJ+HIR4A==}
    dev: false

  /esbuild@0.18.16:
    resolution: {integrity: sha512-1xLsOXrDqwdHxyXb/x/SOyg59jpf/SH7YMvU5RNSU7z3TInaASNJWNFJ6iRvLvLETZMasF3d1DdZLg7sgRimRQ==}
    engines: {node: '>=12'}
    hasBin: true
    requiresBuild: true
    optionalDependencies:
      '@esbuild/android-arm': 0.18.16
      '@esbuild/android-arm64': 0.18.16
      '@esbuild/android-x64': 0.18.16
      '@esbuild/darwin-arm64': 0.18.16
      '@esbuild/darwin-x64': 0.18.16
      '@esbuild/freebsd-arm64': 0.18.16
      '@esbuild/freebsd-x64': 0.18.16
      '@esbuild/linux-arm': 0.18.16
      '@esbuild/linux-arm64': 0.18.16
      '@esbuild/linux-ia32': 0.18.16
      '@esbuild/linux-loong64': 0.18.16
      '@esbuild/linux-mips64el': 0.18.16
      '@esbuild/linux-ppc64': 0.18.16
      '@esbuild/linux-riscv64': 0.18.16
      '@esbuild/linux-s390x': 0.18.16
      '@esbuild/linux-x64': 0.18.16
      '@esbuild/netbsd-x64': 0.18.16
      '@esbuild/openbsd-x64': 0.18.16
      '@esbuild/sunos-x64': 0.18.16
      '@esbuild/win32-arm64': 0.18.16
      '@esbuild/win32-ia32': 0.18.16
      '@esbuild/win32-x64': 0.18.16
    dev: true

  /fflate@0.6.10:
    resolution: {integrity: sha512-IQrh3lEPM93wVCEczc9SaAOvkmcoQn/G8Bo1e8ZPlY3X3bnAxWaBdvTdvM1hP62iZp0BXWDy4vTAy4fF0+Dlpg==}
    dev: true

  /fill-range@7.0.1:
    resolution: {integrity: sha512-qOo9F+dMUmC2Lcb4BbVvnKJxTPjCm+RRpe4gDuGrzkL7mEVl/djYSu2OdQ2Pa302N4oqkSg9ir6jaLWJ2USVpQ==}
    engines: {node: '>=8'}
    dependencies:
      to-regex-range: 5.0.1

  /fsevents@2.3.2:
    resolution: {integrity: sha512-xiqMQR4xAeHTuB9uWm+fFRcIOgKBMiOBP+eXiyT7jsgVCq1bkVygt00oASowB7EdtpOHaaPgKt812P9ab+DDKA==}
    engines: {node: ^8.16.0 || ^10.6.0 || >=11.0.0}
    os: [darwin]
    requiresBuild: true
    optional: true

  /glob-parent@5.1.2:
    resolution: {integrity: sha512-AOIgSQCepiJYwP3ARnGx+5VnTu2HBYdzbGP45eLw1vr3zB3vZLeyed1sC9hnbcOc9/SrMyM5RPQrkGz4aS9Zow==}
    engines: {node: '>= 6'}
    dependencies:
      is-glob: 4.0.3

  /immutable@4.3.1:
    resolution: {integrity: sha512-lj9cnmB/kVS0QHsJnYKD1uo3o39nrbKxszjnqS9Fr6NB7bZzW45U6WSGBPKXDL/CvDKqDNPA4r3DoDQ8GTxo2A==}

  /is-binary-path@2.1.0:
    resolution: {integrity: sha512-ZMERYes6pDydyuGidse7OsHxtbI7WVeUEozgR/g7rd0xUimYNlvZRE/K2MgZTjWy725IfelLeVcEM97mmtRGXw==}
    engines: {node: '>=8'}
    dependencies:
      binary-extensions: 2.2.0

  /is-extglob@2.1.1:
    resolution: {integrity: sha512-SbKbANkN603Vi4jEZv49LeVJMn4yGwsbzZworEoyEiutsN3nJYdbO36zfhGJ6QEDpOZIFkDtnq5JRxmvl3jsoQ==}
    engines: {node: '>=0.10.0'}

  /is-glob@4.0.3:
    resolution: {integrity: sha512-xelSayHH36ZgE7ZWhli7pW34hNbNl8Ojv5KVmkJD4hBdD3th8Tfk9vYasLM+mXWOZhFkgZfxhLSnrwRr4elSSg==}
    engines: {node: '>=0.10.0'}
    dependencies:
      is-extglob: 2.1.1

  /is-number@7.0.0:
    resolution: {integrity: sha512-41Cifkg6e8TylSpdtTpeLVMqvSBEVzTttHvERD741+pnZ8ANv0004MRL43QKPDlK9cGvNp6NZWZUBlbGXYxxng==}
    engines: {node: '>=0.12.0'}

  /lil-gui@0.17.0:
    resolution: {integrity: sha512-MVBHmgY+uEbmJNApAaPbtvNh1RCAeMnKym82SBjtp5rODTYKWtM+MXHCifLe2H2Ti1HuBGBtK/5SyG4ShQ3pUQ==}
    dev: true

  /meshoptimizer@0.18.1:
    resolution: {integrity: sha512-ZhoIoL7TNV4s5B6+rx5mC//fw8/POGyNxS/DZyCJeiZ12ScLfVwRE/GfsxwiTkMYYD5DmK2/JXnEVXqL4rF+Sw==}
    dev: true

  /nanoid@3.3.6:
    resolution: {integrity: sha512-BGcqMMJuToF7i1rt+2PWSNVnWIkGCU78jBG3RxO/bZlnZPK2Cmi2QaffxGO/2RvWi9sL+FAiRiXMgsyxQ1DIDA==}
    engines: {node: ^10 || ^12 || ^13.7 || ^14 || >=15.0.1}
    hasBin: true
    dev: true

  /normalize-path@3.0.0:
    resolution: {integrity: sha512-6eZs5Ls3WtCisHWp9S2GUy8dqkpGi4BVSz3GaqiE6ezub0512ESztXUwUB6C6IKbQkY2Pnb/mD4WYojCRwcwLA==}
    engines: {node: '>=0.10.0'}

  /picocolors@1.0.0:
    resolution: {integrity: sha512-1fygroTLlHu66zi26VoTDv8yRgm0Fccecssto+MhsZ0D/DGW2sm8E8AjW7NU5VVTRt5GxbeZ5qBuJr+HyLYkjQ==}
    dev: true

  /picomatch@2.3.1:
    resolution: {integrity: sha512-JU3teHTNjmE2VCGFzuY8EXzCDVwEqB2a8fsIvwaStHhAWJEeVd1o1QD80CU6+ZdEXXSLbSsuLwJjkCBWqRQUVA==}
    engines: {node: '>=8.6'}

  /postcss@8.4.27:
    resolution: {integrity: sha512-gY/ACJtJPSmUFPDCHtX78+01fHa64FaU4zaaWfuh1MhGJISufJAH4cun6k/8fwsHYeK4UQmENQK+tRLCFJE8JQ==}
    engines: {node: ^10 || ^12 || >=14}
    dependencies:
      nanoid: 3.3.6
      picocolors: 1.0.0
      source-map-js: 1.0.2
    dev: true

  /readdirp@3.6.0:
    resolution: {integrity: sha512-hOS089on8RduqdbhvQ5Z37A0ESjsqz6qnRcffsMU3495FuTdqSm+7bhJ29JvIOsBDEEnan5DPu9t3To9VRlMzA==}
    engines: {node: '>=8.10.0'}
    dependencies:
      picomatch: 2.3.1

  /rollup@3.26.3:
    resolution: {integrity: sha512-7Tin0C8l86TkpcMtXvQu6saWH93nhG3dGQ1/+l5V2TDMceTxO7kDiK6GzbfLWNNxqJXm591PcEZUozZm51ogwQ==}
    engines: {node: '>=14.18.0', npm: '>=8.0.0'}
    hasBin: true
    optionalDependencies:
      fsevents: 2.3.2
    dev: true

  /sass@1.64.1:
    resolution: {integrity: sha512-16rRACSOFEE8VN7SCgBu1MpYCyN7urj9At898tyzdXFhC+a+yOX5dXwAR7L8/IdPJ1NB8OYoXmD55DM30B2kEQ==}
    engines: {node: '>=14.0.0'}
    hasBin: true
    dependencies:
      chokidar: 3.5.3
      immutable: 4.3.1
      source-map-js: 1.0.2

  /source-map-js@1.0.2:
    resolution: {integrity: sha512-R0XvVJ9WusLiqTCEiGCmICCMplcCkIwwR11mOSD9CR5u+IXYdiseeEuXCVAjS54zqwkLcPNnmU4OeJ6tUrWhDw==}
    engines: {node: '>=0.10.0'}

  /three@0.154.0:
    resolution: {integrity: sha512-Uzz8C/5GesJzv8i+Y2prEMYUwodwZySPcNhuJUdsVMH2Yn4Nm8qlbQe6qRN5fOhg55XB0WiLfTPBxVHxpE60ug==}
    dev: false

  /to-regex-range@5.0.1:
    resolution: {integrity: sha512-65P7iz6X5yEr1cwcgvQxbbIw7Uk3gOy5dIdtZ4rDveLqhrdJP+Li/Hx6tyK0NEb+2GCyneCMJiGqrADCSNk8sQ==}
    engines: {node: '>=8.0'}
    dependencies:
      is-number: 7.0.0

  /typescript@5.0.2:
    resolution: {integrity: sha512-wVORMBGO/FAs/++blGNeAVdbNKtIh1rbBL2EyQ1+J9lClJ93KiiKe8PmFIVdXhHcyv44SL9oglmfeSsndo0jRw==}
    engines: {node: '>=12.20'}
    hasBin: true
    dev: true

  /vite@4.4.5(sass@1.64.1):
    resolution: {integrity: sha512-4m5kEtAWHYr0O1Fu7rZp64CfO1PsRGZlD3TAB32UmQlpd7qg15VF7ROqGN5CyqN7HFuwr7ICNM2+fDWRqFEKaA==}
    engines: {node: ^14.18.0 || >=16.0.0}
    hasBin: true
    peerDependencies:
      '@types/node': '>= 14'
      less: '*'
      lightningcss: ^1.21.0
      sass: '*'
      stylus: '*'
      sugarss: '*'
      terser: ^5.4.0
    peerDependenciesMeta:
      '@types/node':
        optional: true
      less:
        optional: true
      lightningcss:
        optional: true
      sass:
        optional: true
      stylus:
        optional: true
      sugarss:
        optional: true
      terser:
        optional: true
    dependencies:
      esbuild: 0.18.16
      postcss: 8.4.27
      rollup: 3.26.3
      sass: 1.64.1
    optionalDependencies:
      fsevents: 2.3.2
    dev: true
